PODS:
  - FLAnimatedImage (1.0.8)
  - SDWebImage (3.7.3):
    - SDWebImage/Core (= 3.7.3)
  - SDWebImage/Core (3.7.3)
  - SnapKit (3.2.0)

DEPENDENCIES:
  - FLAnimatedImage (~> 1.0)
  - SDWebImage
  - SnapKit (~> 3.2.0)

SPEC CHECKSUMS:
  FLAnimatedImage: f9422f796135aff80d8c00b2afc48015bb746e24
  SDWebImage: 1d2b1a1efda1ade1b00b6f8498865f8ddedc8a84
  SnapKit: 1ca44df72cfa543218d177cb8aab029d10d86ea7

PODFILE CHECKSUM: 3b5bb257864bd4828c51016f0d5b0d2c703f5773

COCOAPODS: 1.2.0
